
Microsoft Visual Studio Solution File, Format Version 12.00
# Visual Studio 15
VisualStudioVersion = 15.0.28010.2003
MinimumVisualStudioVersion = 10.0.40219.1
Project("{FAE04EC0-301F-11D3-BF4B-00C04F79EFBC}") = "MissionSite1", "MissionSite1\MissionSite1.csproj", "{BF8A716F-CC16-4A8A-A080-028DFE2C0A30}"
EndProject
Global
	GlobalSection(SolutionConfigurationPlatforms) = preSolution
		Debug|Any CPU = Debug|Any CPU
		Release|Any CPU = Release|Any CPU
	EndGlobalSection
	GlobalSection(ProjectConfigurationPlatforms) = postSolution
		{BF8A716F-CC16-4A8A-A080-028DFE2C0A30}.Debug|Any CPU.ActiveCfg = Debug|Any CPU
		{BF8A716F-CC16-4A8A-A080-028DFE2C0A30}.Debug|Any CPU.Build.0 = Debug|Any CPU
		{BF8A716F-CC16-4A8A-A080-028DFE2C0A30}.Release|Any CPU.ActiveCfg = Release|Any CPU
		{BF8A716F-CC16-4A8A-A080-028DFE2C0A30}.Release|Any CPU.Build.0 = Release|Any CPU
	EndGlobalSection
	GlobalSection(SolutionProperties) = preSolution
		HideSolutionNode = FALSE
	EndGlobalSection
	GlobalSection(ExtensibilityGlobals) = postSolution
		SolutionGuid = {89EA07ED-9E88-4DE4-B925-7556954E8ADA}
	EndGlobalSection
EndGlobal
